{
  "name": "ai-sdk",
  "version": "1.0.0",
  "lockfileVersion": 3,
  "requires": true,
  "packages": {
    "": {
      "name": "ai-sdk",
      "version": "1.0.0",
      "license": "ISC",
      "dependencies": {
        "@ai-sdk/google": "^2.0.44",
        "ai": "^6.0.0-beta.124",
        "undici": "^7.16.0"
      }
    },
    "node_modules/@ai-sdk/gateway": {
      "version": "2.0.0-beta.68",
      "resolved": "https://registry.npmmirror.com/@ai-sdk/gateway/-/gateway-2.0.0-beta.68.tgz",
      "integrity": "sha512-eYv3hBfu/M+0XmxE1RoH4X7uhYplNbSDvRClzirKzTY+ZM5yQwP86L3DqLR7Y9/vH7yrQaSIwsBT3OMmcBnGaw==",
      "license": "Apache-2.0",
      "dependencies": {
        "@ai-sdk/provider": "3.0.0-beta.22",
        "@ai-sdk/provider-utils": "4.0.0-beta.40",
        "@vercel/oidc": "3.0.5"
      },
      "engines": {
        "node": ">=18"
      },
      "peerDependencies": {
        "zod": "^3.25.76 || ^4.1.8"
      }
    },
    "node_modules/@ai-sdk/gateway/node_modules/@ai-sdk/provider": {
      "version": "3.0.0-beta.22",
      "resolved": "https://registry.npmmirror.com/@ai-sdk/provider/-/provider-3.0.0-beta.22.tgz",
      "integrity": "sha512-Ss0tgCZwzccS6MREhjAI28lkAV5PfJnoBFbv8mas74Cs5OseFKqxg3dEd1lRL8mf4Qapu1xpBLkV4/ldSShSdA==",
      "license": "Apache-2.0",
      "dependencies": {
        "json-schema": "^0.4.0"
      },
      "engines": {
        "node": ">=18"
      }
    },
    "node_modules/@ai-sdk/gateway/node_modules/@ai-sdk/provider-utils": {
      "version": "4.0.0-beta.40",
      "resolved": "https://registry.npmmirror.com/@ai-sdk/provider-utils/-/provider-utils-4.0.0-beta.40.tgz",
      "integrity": "sha512-5345iQxWV1coKbs85vkrThsEmiFcIkgqMZUKFrVDM7E4FRqgsnWtn4394/RnShOKRun5K7TWIYCLz3GfRGy/Ig==",
      "license": "Apache-2.0",
      "dependencies": {
        "@ai-sdk/provider": "3.0.0-beta.22",
        "@standard-schema/spec": "^1.0.0",
        "eventsource-parser": "^3.0.6"
      },
      "engines": {
        "node": ">=18"
      },
      "peerDependencies": {
        "@valibot/to-json-schema": "^1.3.0",
        "arktype": "^2.1.22",
        "effect": "^3.18.4",
        "zod": "^3.25.76 || ^4.1.8"
      },
      "peerDependenciesMeta": {
        "@valibot/to-json-schema": {
          "optional": true
        },
        "arktype": {
          "optional": true
        },
        "effect": {
          "optional": true
        }
      }
    },
    "node_modules/@ai-sdk/google": {
      "version": "2.0.44",
      "resolved": "https://registry.npmmirror.com/@ai-sdk/google/-/google-2.0.44.tgz",
      "integrity": "sha512-c5dck36FjqiVoeeMJQLTEmUheoURcGTU/nBT6iJu8/nZiKFT/y8pD85KMDRB7RerRYaaQOtslR2d6/5PditiRw==",
      "license": "Apache-2.0",
      "dependencies": {
        "@ai-sdk/provider": "2.0.0",
        "@ai-sdk/provider-utils": "3.0.18"
      },
      "engines": {
        "node": ">=18"
      },
      "peerDependencies": {
        "zod": "^3.25.76 || ^4.1.8"
      }
    },
    "node_modules/@ai-sdk/provider": {
      "version": "2.0.0",
      "resolved": "https://registry.npmmirror.com/@ai-sdk/provider/-/provider-2.0.0.tgz",
      "integrity": "sha512-6o7Y2SeO9vFKB8lArHXehNuusnpddKPk7xqL7T2/b+OvXMRIXUO1rR4wcv1hAFUAT9avGZshty3Wlua/XA7TvA==",
      "license": "Apache-2.0",
      "dependencies": {
        "json-schema": "^0.4.0"
      },
      "engines": {
        "node": ">=18"
      }
    },
    "node_modules/@ai-sdk/provider-utils": {
      "version": "3.0.18",
      "resolved": "https://registry.npmmirror.com/@ai-sdk/provider-utils/-/provider-utils-3.0.18.tgz",
      "integrity": "sha512-ypv1xXMsgGcNKUP+hglKqtdDuMg68nWHucPPAhIENrbFAI+xCHiqPVN8Zllxyv1TNZwGWUghPxJXU+Mqps0YRQ==",
      "license": "Apache-2.0",
      "dependencies": {
        "@ai-sdk/provider": "2.0.0",
        "@standard-schema/spec": "^1.0.0",
        "eventsource-parser": "^3.0.6"
      },
      "engines": {
        "node": ">=18"
      },
      "peerDependencies": {
        "zod": "^3.25.76 || ^4.1.8"
      }
    },
    "node_modules/@opentelemetry/api": {
      "version": "1.9.0",
      "resolved": "https://registry.npmmirror.com/@opentelemetry/api/-/api-1.9.0.tgz",
      "integrity": "sha512-3giAOQvZiH5F9bMlMiv8+GSPMeqg0dbaeo58/0SlA9sxSqZhnUtxzX9/2FzyhS9sWQf5S0GJE0AKBrFqjpeYcg==",
      "license": "Apache-2.0",
      "engines": {
        "node": ">=8.0.0"
      }
    },
    "node_modules/@standard-schema/spec": {
      "version": "1.0.0",
      "resolved": "https://registry.npmmirror.com/@standard-schema/spec/-/spec-1.0.0.tgz",
      "integrity": "sha512-m2bOd0f2RT9k8QJx1JN85cZYyH1RqFBdlwtkSlf4tBDYLCiiZnv1fIIwacK6cqwXavOydf0NPToMQgpKq+dVlA==",
      "license": "MIT"
    },
    "node_modules/@vercel/oidc": {
      "version": "3.0.5",
      "resolved": "https://registry.npmmirror.com/@vercel/oidc/-/oidc-3.0.5.tgz",
      "integrity": "sha512-fnYhv671l+eTTp48gB4zEsTW/YtRgRPnkI2nT7x6qw5rkI1Lq2hTmQIpHPgyThI0znLK+vX2n9XxKdXZ7BUbbw==",
      "license": "Apache-2.0",
      "engines": {
        "node": ">= 20"
      }
    },
    "node_modules/ai": {
      "version": "6.0.0-beta.124",
      "resolved": "https://registry.npmmirror.com/ai/-/ai-6.0.0-beta.124.tgz",
      "integrity": "sha512-Apl4uNZLzc4sAUtu4W77DpM9o+bJJB46A/ayVLDck3MBv+rw4/qGBY9H6/gY9Xpc/CeVogyyEr1DxBMv47olCw==",
      "license": "Apache-2.0",
      "dependencies": {
        "@ai-sdk/gateway": "2.0.0-beta.68",
        "@ai-sdk/provider": "3.0.0-beta.22",
        "@ai-sdk/provider-utils": "4.0.0-beta.40",
        "@opentelemetry/api": "1.9.0"
      },
      "engines": {
        "node": ">=18"
      },
      "peerDependencies": {
        "zod": "^3.25.76 || ^4.1.8"
      }
    },
    "node_modules/ai/node_modules/@ai-sdk/provider": {
      "version": "3.0.0-beta.22",
      "resolved": "https://registry.npmmirror.com/@ai-sdk/provider/-/provider-3.0.0-beta.22.tgz",
      "integrity": "sha512-Ss0tgCZwzccS6MREhjAI28lkAV5PfJnoBFbv8mas74Cs5OseFKqxg3dEd1lRL8mf4Qapu1xpBLkV4/ldSShSdA==",
      "license": "Apache-2.0",
      "dependencies": {
        "json-schema": "^0.4.0"
      },
      "engines": {
        "node": ">=18"
      }
    },
    "node_modules/ai/node_modules/@ai-sdk/provider-utils": {
      "version": "4.0.0-beta.40",
      "resolved": "https://registry.npmmirror.com/@ai-sdk/provider-utils/-/provider-utils-4.0.0-beta.40.tgz",
      "integrity": "sha512-5345iQxWV1coKbs85vkrThsEmiFcIkgqMZUKFrVDM7E4FRqgsnWtn4394/RnShOKRun5K7TWIYCLz3GfRGy/Ig==",
      "license": "Apache-2.0",
      "dependencies": {
        "@ai-sdk/provider": "3.0.0-beta.22",
        "@standard-schema/spec": "^1.0.0",
        "eventsource-parser": "^3.0.6"
      },
      "engines": {
        "node": ">=18"
      },
      "peerDependencies": {
        "@valibot/to-json-schema": "^1.3.0",
        "arktype": "^2.1.22",
        "effect": "^3.18.4",
        "zod": "^3.25.76 || ^4.1.8"
      },
      "peerDependenciesMeta": {
        "@valibot/to-json-schema": {
          "optional": true
        },
        "arktype": {
          "optional": true
        },
        "effect": {
          "optional": true
        }
      }
    },
    "node_modules/eventsource-parser": {
      "version": "3.0.6",
      "resolved": "https://registry.npmmirror.com/eventsource-parser/-/eventsource-parser-3.0.6.tgz",
      "integrity": "sha512-Vo1ab+QXPzZ4tCa8SwIHJFaSzy4R6SHf7BY79rFBDf0idraZWAkYrDjDj8uWaSm3S2TK+hJ7/t1CEmZ7jXw+pg==",
      "license": "MIT",
      "engines": {
        "node": ">=18.0.0"
      }
    },
    "node_modules/json-schema": {
      "version": "0.4.0",
      "resolved": "https://registry.npmmirror.com/json-schema/-/json-schema-0.4.0.tgz",
      "integrity": "sha512-es94M3nTIfsEPisRafak+HDLfHXnKBhV3vU5eqPcS3flIWqcxJWgXHXiey3YrpaNsanY5ei1VoYEbOzijuq9BA==",
      "license": "(AFL-2.1 OR BSD-3-Clause)"
    },
    "node_modules/undici": {
      "version": "7.16.0",
      "resolved": "https://registry.npmmirror.com/undici/-/undici-7.16.0.tgz",
      "integrity": "sha512-QEg3HPMll0o3t2ourKwOeUAZ159Kn9mx5pnzHRQO8+Wixmh88YdZRiIwat0iNzNNXn0yoEtXJqFpyW7eM8BV7g==",
      "license": "MIT",
      "engines": {
        "node": ">=20.18.1"
      }
    },
    "node_modules/zod": {
      "version": "4.1.13",
      "resolved": "https://registry.npmmirror.com/zod/-/zod-4.1.13.tgz",
      "integrity": "sha512-AvvthqfqrAhNH9dnfmrfKzX5upOdjUVJYFqNSlkmGf64gRaTzlPwz99IHYnVs28qYAybvAlBV+H7pn0saFY4Ig==",
      "license": "MIT",
      "peer": true,
      "funding": {
        "url": "https://github.com/sponsors/colinhacks"
      }
    }
  }
}
